
Microsoft Visual Studio Solution File, Format Version 12.00
# Visual Studio Version 16
VisualStudioVersion = 16.0.31129.286
MinimumVisualStudioVersion = 10.0.40219.1
Project("{8BC9CEB8-8B4A-11D0-8D11-00A0C91BC942}") = "Client", "Client\Client.vcxproj", "{D4B052E6-6C8F-4271-8D55-70CAEC8F2DCC}"
EndProject
Global
	GlobalSection(SolutionConfigurationPlatforms) = preSolution
		Debug|x64 = Debug|x64
		Release|x64 = Release|x64
	EndGlobalSection
	GlobalSection(ProjectConfigurationPlatforms) = postSolution
		{D4B052E6-6C8F-4271-8D55-70CAEC8F2DCC}.Debug|x64.ActiveCfg = Debug|x64
		{D4B052E6-6C8F-4271-8D55-70CAEC8F2DCC}.Debug|x64.Build.0 = Debug|x64
		{D4B052E6-6C8F-4271-8D55-70CAEC8F2DCC}.Release|x64.ActiveCfg = Release|x64
		{D4B052E6-6C8F-4271-8D55-70CAEC8F2DCC}.Release|x64.Build.0 = Release|x64
	EndGlobalSection
	GlobalSection(SolutionProperties) = preSolution
		HideSolutionNode = FALSE
	EndGlobalSection
	GlobalSection(ExtensibilityGlobals) = postSolution
		SolutionGuid = {EB842F98-5E46-49B4-BD0C-5EC693AA2C16}
	EndGlobalSection
EndGlobal
